
Microsoft Visual Studio Solution File, Format Version 12.00
# Visual Studio Version 16
VisualStudioVersion = 16.0.29519.161
MinimumVisualStudioVersion = 10.0.40219.1
Project("{9A19103F-16F7-4668-BE54-9A1E7A4F7556}") = "Tests", "Tests\Tests.csproj", "{EFC29708-5AB4-4C5B-9B8B-C146BA52AD89}"
EndProject
Project("{FAE04EC0-301F-11D3-BF4B-00C04F79EFBC}") = "Lab1", "Lab1\Lab1.csproj", "{E765A95C-5021-46DE-911A-CBBD364409AD}"
EndProject
Global
	GlobalSection(SolutionConfigurationPlatforms) = preSolution
		Debug|Any CPU = Debug|Any CPU
		Release|Any CPU = Release|Any CPU
	EndGlobalSection
	GlobalSection(ProjectConfigurationPlatforms) = postSolution
		{EFC29708-5AB4-4C5B-9B8B-C146BA52AD89}.Debug|Any CPU.ActiveCfg = Debug|Any CPU
		{EFC29708-5AB4-4C5B-9B8B-C146BA52AD89}.Debug|Any CPU.Build.0 = Debug|Any CPU
		{EFC29708-5AB4-4C5B-9B8B-C146BA52AD89}.Release|Any CPU.ActiveCfg = Release|Any CPU
		{EFC29708-5AB4-4C5B-9B8B-C146BA52AD89}.Release|Any CPU.Build.0 = Release|Any CPU
		{E765A95C-5021-46DE-911A-CBBD364409AD}.Debug|Any CPU.ActiveCfg = Debug|Any CPU
		{E765A95C-5021-46DE-911A-CBBD364409AD}.Debug|Any CPU.Build.0 = Debug|Any CPU
		{E765A95C-5021-46DE-911A-CBBD364409AD}.Release|Any CPU.ActiveCfg = Release|Any CPU
		{E765A95C-5021-46DE-911A-CBBD364409AD}.Release|Any CPU.Build.0 = Release|Any CPU
	EndGlobalSection
	GlobalSection(SolutionProperties) = preSolution
		HideSolutionNode = FALSE
	EndGlobalSection
	GlobalSection(ExtensibilityGlobals) = postSolution
		SolutionGuid = {DEAEFC79-56F0-4C0F-8E33-6851F764E73B}
	EndGlobalSection
EndGlobal
